<?xml version="1.0" encoding="utf-8"?>
<Project ToolsVersion="4.0" xmlns="http://schemas.microsoft.com/developer/msbuild/2003">
  <ItemGroup>
    <Filter Include="ソース ファイル">
      <UniqueIdentifier>{4FC737F1-C7A5-4376-A066-2A32D752A2FF}</UniqueIdentifier>
      <Extensions>cpp;c;cc;cxx;c++;cppm;ixx;def;odl;idl;hpj;bat;asm;asmx</Extensions>
    </Filter>
    <Filter Include="ヘッダー ファイル">
      <UniqueIdentifier>{93995380-89BD-4b04-88EB-625FBE52EBFB}</UniqueIdentifier>
      <Extensions>h;hh;hpp;hxx;h++;hm;inl;inc;ipp;xsd</Extensions>
    </Filter>
    <Filter Include="リソース ファイル">
      <UniqueIdentifier>{67DA6AB6-F800-4c08-8B7A-83BB121AAD01}</UniqueIdentifier>
      <Extensions>rc;ico;cur;bmp;dlg;rc2;rct;bin;rgs;gif;jpg;jpeg;jpe;resx;tiff;tif;png;wav;mfcribbon-ms</Extensions>
    </Filter>
    <Filter Include="ソース ファイル\Model">
      <UniqueIdentifier>{bcdd235d-3f31-47e4-a834-78d67e54f1c2}</UniqueIdentifier>
    </Filter>
    <Filter Include="ソース ファイル\Object">
      <UniqueIdentifier>{50a525d9-ac72-48dd-8849-83ae3ba9589f}</UniqueIdentifier>
    </Filter>
    <Filter Include="ソース ファイル\Manager">
      <UniqueIdentifier>{2f06e124-aeaf-4266-9e4f-f9ea80da85e8}</UniqueIdentifier>
    </Filter>
    <Filter Include="ソース ファイル\Scene">
      <UniqueIdentifier>{17f86221-46a6-409c-b13b-a5627fcf96c1}</UniqueIdentifier>
    </Filter>
    <Filter Include="ソース ファイル\Object\2D">
      <UniqueIdentifier>{2d94b762-0091-4282-8cd3-cbd15bd8fcde}</UniqueIdentifier>
    </Filter>
    <Filter Include="ソース ファイル\Object\3D">
      <UniqueIdentifier>{7c0ac10b-2ec3-4dc2-afea-89f15b0aaf5c}</UniqueIdentifier>
    </Filter>
    <Filter Include="ヘッダー ファイル\Model">
      <UniqueIdentifier>{ed96395a-ce12-4866-bb48-50155dde1d1f}</UniqueIdentifier>
    </Filter>
    <Filter Include="ヘッダー ファイル\Object">
      <UniqueIdentifier>{2b7d05c3-c1a3-4f72-898a-3b7bee758cc2}</UniqueIdentifier>
    </Filter>
    <Filter Include="ヘッダー ファイル\Object\3D">
      <UniqueIdentifier>{81263b87-b777-45f7-88b4-1c6a687a0bc5}</UniqueIdentifier>
    </Filter>
    <Filter Include="ヘッダー ファイル\Object\2D">
      <UniqueIdentifier>{9d9a1d08-7b74-4d6c-bd98-ac408ab292ec}</UniqueIdentifier>
    </Filter>
    <Filter Include="ヘッダー ファイル\Manager">
      <UniqueIdentifier>{f3703a63-d290-485f-ab40-9c9bede7ad6f}</UniqueIdentifier>
    </Filter>
    <Filter Include="ヘッダー ファイル\Scene">
      <UniqueIdentifier>{dd6b3a60-fd8c-4931-960f-44a4ff1fa8c5}</UniqueIdentifier>
    </Filter>
  </ItemGroup>
  <ItemGroup>
    <ClCompile Include="Source\Main.cpp">
      <Filter>ソース ファイル</Filter>
    </ClCompile>
    <ClCompile Include="Source\AttachmentModel.cpp">
      <Filter>ソース ファイル\Model</Filter>
    </ClCompile>
    <ClCompile Include="Source\SeparateModelAnimation.cpp">
      <Filter>ソース ファイル\Model</Filter>
    </ClCompile>
    <ClCompile Include="Source\Model.cpp">
      <Filter>ソース ファイル\Model</Filter>
    </ClCompile>
    <ClCompile Include="Source\ModelAnimation.cpp">
      <Filter>ソース ファイル\Model</Filter>
    </ClCompile>
    <ClCompile Include="Source\InputManager.cpp">
      <Filter>ソース ファイル\Manager</Filter>
    </ClCompile>
    <ClCompile Include="Source\ObjectManager.cpp">
      <Filter>ソース ファイル\Manager</Filter>
    </ClCompile>
    <ClCompile Include="Source\ResourceManager.cpp">
      <Filter>ソース ファイル\Manager</Filter>
    </ClCompile>
    <ClCompile Include="Source\SceneManager.cpp">
      <Filter>ソース ファイル\Manager</Filter>
    </ClCompile>
    <ClCompile Include="Source\Scene.cpp">
      <Filter>ソース ファイル\Scene</Filter>
    </ClCompile>
    <ClCompile Include="Source\Object3D.cpp">
      <Filter>ソース ファイル\Object\3D</Filter>
    </ClCompile>
    <ClCompile Include="Source\Object2D.cpp">
      <Filter>ソース ファイル\Object\2D</Filter>
    </ClCompile>
    <ClCompile Include="Source\Texture.cpp">
      <Filter>ソース ファイル\Object\2D</Filter>
    </ClCompile>
    <ClCompile Include="Source\Camera.cpp">
      <Filter>ソース ファイル\Object</Filter>
    </ClCompile>
    <ClCompile Include="Source\Loading.cpp">
      <Filter>ソース ファイル\Manager</Filter>
    </ClCompile>
    <ClCompile Include="Source\GameScene.cpp">
      <Filter>ソース ファイル\Scene</Filter>
    </ClCompile>
    <ClCompile Include="Source\Player.cpp">
      <Filter>ソース ファイル\Object\3D</Filter>
    </ClCompile>
    <ClCompile Include="Source\Debag.cpp">
      <Filter>ソース ファイル</Filter>
    </ClCompile>
  </ItemGroup>
  <ItemGroup>
    <ClInclude Include="Source\Master.h">
      <Filter>ヘッダー ファイル</Filter>
    </ClInclude>
    <ClInclude Include="Source\Utility.h">
      <Filter>ヘッダー ファイル</Filter>
    </ClInclude>
    <ClInclude Include="Source\AttachmentModel.h">
      <Filter>ヘッダー ファイル\Model</Filter>
    </ClInclude>
    <ClInclude Include="Source\Model.h">
      <Filter>ヘッダー ファイル\Model</Filter>
    </ClInclude>
    <ClInclude Include="Source\ModelAnimation.h">
      <Filter>ヘッダー ファイル\Model</Filter>
    </ClInclude>
    <ClInclude Include="Source\ModelUtility.h">
      <Filter>ヘッダー ファイル\Model</Filter>
    </ClInclude>
    <ClInclude Include="Source\SeparateModelAnimation.h">
      <Filter>ヘッダー ファイル\Model</Filter>
    </ClInclude>
    <ClInclude Include="Source\Camera.h">
      <Filter>ヘッダー ファイル\Object</Filter>
    </ClInclude>
    <ClInclude Include="Source\Object2D.h">
      <Filter>ヘッダー ファイル\Object\2D</Filter>
    </ClInclude>
    <ClInclude Include="Source\Object3D.h">
      <Filter>ヘッダー ファイル\Object\3D</Filter>
    </ClInclude>
    <ClInclude Include="Source\Texture.h">
      <Filter>ヘッダー ファイル\Object\2D</Filter>
    </ClInclude>
    <ClInclude Include="Source\InputManager.h">
      <Filter>ヘッダー ファイル\Manager</Filter>
    </ClInclude>
    <ClInclude Include="Source\ObjectManager.h">
      <Filter>ヘッダー ファイル\Manager</Filter>
    </ClInclude>
    <ClInclude Include="Source\ResourceManager.h">
      <Filter>ヘッダー ファイル\Manager</Filter>
    </ClInclude>
    <ClInclude Include="Source\SceneManager.h">
      <Filter>ヘッダー ファイル\Manager</Filter>
    </ClInclude>
    <ClInclude Include="Source\Scene.h">
      <Filter>ヘッダー ファイル\Scene</Filter>
    </ClInclude>
    <ClInclude Include="Source\Loading.h">
      <Filter>ヘッダー ファイル\Manager</Filter>
    </ClInclude>
    <ClInclude Include="Source\GameScene.h">
      <Filter>ヘッダー ファイル\Scene</Filter>
    </ClInclude>
    <ClInclude Include="Source\Player.h">
      <Filter>ヘッダー ファイル\Object\3D</Filter>
    </ClInclude>
    <ClInclude Include="Source\Debag.h">
      <Filter>ヘッダー ファイル</Filter>
    </ClInclude>
  </ItemGroup>
</Project>